
Microsoft Visual Studio Solution File, Format Version 12.00
# Visual Studio Version 17
VisualStudioVersion = 17.8.34330.188
MinimumVisualStudioVersion = 10.0.40219.1
Project("{FAE04EC0-301F-11D3-BF4B-00C04F79EFBC}") = "Scrabble with AI", "Scrabble with AI\Scrabble with AI.csproj", "{1F382AAA-0A35-4B10-A1FE-5DDA83A04DB5}"
EndProject
Global
	GlobalSection(SolutionConfigurationPlatforms) = preSolution
		Debug|Any CPU = Debug|Any CPU
		Release|Any CPU = Release|Any CPU
	EndGlobalSection
	GlobalSection(ProjectConfigurationPlatforms) = postSolution
		{1F382AAA-0A35-4B10-A1FE-5DDA83A04DB5}.Debug|Any CPU.ActiveCfg = Debug|Any CPU
		{1F382AAA-0A35-4B10-A1FE-5DDA83A04DB5}.Debug|Any CPU.Build.0 = Debug|Any CPU
		{1F382AAA-0A35-4B10-A1FE-5DDA83A04DB5}.Release|Any CPU.ActiveCfg = Release|Any CPU
		{1F382AAA-0A35-4B10-A1FE-5DDA83A04DB5}.Release|Any CPU.Build.0 = Release|Any CPU
	EndGlobalSection
	GlobalSection(SolutionProperties) = preSolution
		HideSolutionNode = FALSE
	EndGlobalSection
	GlobalSection(ExtensibilityGlobals) = postSolution
		SolutionGuid = {A5F76910-5303-4375-B6D6-C0C8220BEF7D}
	EndGlobalSection
EndGlobal
